
Microsoft Visual Studio Solution File, Format Version 12.00
# Visual Studio Version 16
VisualStudioVersion = 16.0.30204.135
MinimumVisualStudioVersion = 10.0.40219.1
Project("{FAE04EC0-301F-11D3-BF4B-00C04F79EFBC}") = "bakalarka_final", "bakalarka_final\bakalarka_final.csproj", "{A2E1D729-2DFC-4C72-88F0-406378F69ADF}"
EndProject
Global
	GlobalSection(SolutionConfigurationPlatforms) = preSolution
		Debug|Any CPU = Debug|Any CPU
		Release|Any CPU = Release|Any CPU
	EndGlobalSection
	GlobalSection(ProjectConfigurationPlatforms) = postSolution
		{A2E1D729-2DFC-4C72-88F0-406378F69ADF}.Debug|Any CPU.ActiveCfg = Debug|Any CPU
		{A2E1D729-2DFC-4C72-88F0-406378F69ADF}.Debug|Any CPU.Build.0 = Debug|Any CPU
		{A2E1D729-2DFC-4C72-88F0-406378F69ADF}.Release|Any CPU.ActiveCfg = Release|Any CPU
		{A2E1D729-2DFC-4C72-88F0-406378F69ADF}.Release|Any CPU.Build.0 = Release|Any CPU
	EndGlobalSection
	GlobalSection(SolutionProperties) = preSolution
		HideSolutionNode = FALSE
	EndGlobalSection
	GlobalSection(ExtensibilityGlobals) = postSolution
		SolutionGuid = {17CC0617-9C0F-4877-9360-C11839C98C36}
	EndGlobalSection
EndGlobal
